
Microsoft Visual Studio Solution File, Format Version 12.00
# Visual Studio Version 16
VisualStudioVersion = 16.0.31129.286
MinimumVisualStudioVersion = 10.0.40219.1
Project("{9A19103F-16F7-4668-BE54-9A1E7A4F7556}") = "AutoAnalytics.WebPortal.WebSite", "AutoAnalyticsServer\AutoAnalytics.WebPortal.WebSite.csproj", "{DFE1D025-0D0C-4703-B059-8570FD0E526E}"
EndProject
Project("{9A19103F-16F7-4668-BE54-9A1E7A4F7556}") = "AutoAnalytics.WebPortal.Domain", "AutoAnalyticsServer.EFModel\AutoAnalytics.WebPortal.Domain.csproj", "{603092AD-5EAD-4FC5-86BA-2EBCFAF8AB2F}"
EndProject
Project("{2150E333-8FDC-42A3-9474-1A3956D46DE8}") = "Domain", "Domain", "{AC239D96-DF8A-40E1-A7DE-8DF1DCC29484}"
EndProject
Project("{2150E333-8FDC-42A3-9474-1A3956D46DE8}") = "DAL", "DAL", "{E7827E53-5EEB-4D62-8C91-CA4EDB6B78D6}"
EndProject
Project("{2150E333-8FDC-42A3-9474-1A3956D46DE8}") = "Business", "Business", "{8CF47AD9-AD79-4377-AA64-C678024D06B1}"
EndProject
Project("{2150E333-8FDC-42A3-9474-1A3956D46DE8}") = "WebSite", "WebSite", "{19B990CB-F320-43CC-8537-A4C788D9A465}"
EndProject
Project("{9A19103F-16F7-4668-BE54-9A1E7A4F7556}") = "AutoAnalytics.WebPortal.PostgresDAL", "AutoAnalyticsServer.SqlServerRepository\AutoAnalytics.WebPortal.PostgresDAL.csproj", "{D2A37CFB-4B4D-4F6E-8E64-D766C8200903}"
EndProject
Project("{9A19103F-16F7-4668-BE54-9A1E7A4F7556}") = "AutoAnalytics.WebPortal.Business", "AutoAnalyticsServer.DefaultService\AutoAnalytics.WebPortal.Business.csproj", "{1F9E2B77-CA54-4DE7-A780-6DB0DC624D63}"
EndProject
Project("{2150E333-8FDC-42A3-9474-1A3956D46DE8}") = "PostgreSQL", "PostgreSQL", "{9C2F515D-7F82-4DE6-A937-6AE43F28CD4F}"
EndProject
Project("{9A19103F-16F7-4668-BE54-9A1E7A4F7556}") = "AutoAnalytics.WebPortal.IDAL", "AutoAnalyticsServer.ISqlServerRepository\AutoAnalytics.WebPortal.IDAL.csproj", "{987C6360-BC9B-4B4F-B31F-CE488A24B757}"
EndProject
Project("{2150E333-8FDC-42A3-9474-1A3956D46DE8}") = "Default", "Default", "{5CE81095-E502-4191-8BE9-B6F4BAFB6B23}"
EndProject
Project("{9A19103F-16F7-4668-BE54-9A1E7A4F7556}") = "AutoAnalytics.WebPortal.IBusiness", "AutoAnalyticsServer.IService\AutoAnalytics.WebPortal.IBusiness.csproj", "{E18259C9-62AC-4BE3-B162-A6A269F7957F}"
EndProject
Project("{2150E333-8FDC-42A3-9474-1A3956D46DE8}") = "WebPortal", "WebPortal", "{889ED6E6-F56A-493C-9E21-32450B821F52}"
EndProject
Project("{2150E333-8FDC-42A3-9474-1A3956D46DE8}") = "DbUpload", "DbUpload", "{E3612353-0353-4147-B0F8-0574C7EA7CE3}"
EndProject
Project("{2150E333-8FDC-42A3-9474-1A3956D46DE8}") = "AutoAnalytics", "AutoAnalytics", "{F93033D3-DA44-4651-8DE1-32E4800A387E}"
EndProject
Project("{2150E333-8FDC-42A3-9474-1A3956D46DE8}") = "AutoAnalytics.Tests", "AutoAnalytics.Tests", "{68EB21C5-367F-4F29-A7A9-2D9E6170A3B4}"
EndProject
Global
	GlobalSection(SolutionConfigurationPlatforms) = preSolution
		Debug|Any CPU = Debug|Any CPU
		Release|Any CPU = Release|Any CPU
	EndGlobalSection
	GlobalSection(ProjectConfigurationPlatforms) = postSolution
		{DFE1D025-0D0C-4703-B059-8570FD0E526E}.Debug|Any CPU.ActiveCfg = Debug|Any CPU
		{DFE1D025-0D0C-4703-B059-8570FD0E526E}.Debug|Any CPU.Build.0 = Debug|Any CPU
		{DFE1D025-0D0C-4703-B059-8570FD0E526E}.Release|Any CPU.ActiveCfg = Release|Any CPU
		{DFE1D025-0D0C-4703-B059-8570FD0E526E}.Release|Any CPU.Build.0 = Release|Any CPU
		{603092AD-5EAD-4FC5-86BA-2EBCFAF8AB2F}.Debug|Any CPU.ActiveCfg = Debug|Any CPU
		{603092AD-5EAD-4FC5-86BA-2EBCFAF8AB2F}.Debug|Any CPU.Build.0 = Debug|Any CPU
		{603092AD-5EAD-4FC5-86BA-2EBCFAF8AB2F}.Release|Any CPU.ActiveCfg = Release|Any CPU
		{603092AD-5EAD-4FC5-86BA-2EBCFAF8AB2F}.Release|Any CPU.Build.0 = Release|Any CPU
		{D2A37CFB-4B4D-4F6E-8E64-D766C8200903}.Debug|Any CPU.ActiveCfg = Debug|Any CPU
		{D2A37CFB-4B4D-4F6E-8E64-D766C8200903}.Debug|Any CPU.Build.0 = Debug|Any CPU
		{D2A37CFB-4B4D-4F6E-8E64-D766C8200903}.Release|Any CPU.ActiveCfg = Release|Any CPU
		{D2A37CFB-4B4D-4F6E-8E64-D766C8200903}.Release|Any CPU.Build.0 = Release|Any CPU
		{1F9E2B77-CA54-4DE7-A780-6DB0DC624D63}.Debug|Any CPU.ActiveCfg = Debug|Any CPU
		{1F9E2B77-CA54-4DE7-A780-6DB0DC624D63}.Debug|Any CPU.Build.0 = Debug|Any CPU
		{1F9E2B77-CA54-4DE7-A780-6DB0DC624D63}.Release|Any CPU.ActiveCfg = Release|Any CPU
		{1F9E2B77-CA54-4DE7-A780-6DB0DC624D63}.Release|Any CPU.Build.0 = Release|Any CPU
		{987C6360-BC9B-4B4F-B31F-CE488A24B757}.Debug|Any CPU.ActiveCfg = Debug|Any CPU
		{987C6360-BC9B-4B4F-B31F-CE488A24B757}.Debug|Any CPU.Build.0 = Debug|Any CPU
		{987C6360-BC9B-4B4F-B31F-CE488A24B757}.Release|Any CPU.ActiveCfg = Release|Any CPU
		{987C6360-BC9B-4B4F-B31F-CE488A24B757}.Release|Any CPU.Build.0 = Release|Any CPU
		{E18259C9-62AC-4BE3-B162-A6A269F7957F}.Debug|Any CPU.ActiveCfg = Debug|Any CPU
		{E18259C9-62AC-4BE3-B162-A6A269F7957F}.Debug|Any CPU.Build.0 = Debug|Any CPU
		{E18259C9-62AC-4BE3-B162-A6A269F7957F}.Release|Any CPU.ActiveCfg = Release|Any CPU
		{E18259C9-62AC-4BE3-B162-A6A269F7957F}.Release|Any CPU.Build.0 = Release|Any CPU
	EndGlobalSection
	GlobalSection(SolutionProperties) = preSolution
		HideSolutionNode = FALSE
	EndGlobalSection
	GlobalSection(NestedProjects) = preSolution
		{DFE1D025-0D0C-4703-B059-8570FD0E526E} = {19B990CB-F320-43CC-8537-A4C788D9A465}
		{603092AD-5EAD-4FC5-86BA-2EBCFAF8AB2F} = {AC239D96-DF8A-40E1-A7DE-8DF1DCC29484}
		{AC239D96-DF8A-40E1-A7DE-8DF1DCC29484} = {889ED6E6-F56A-493C-9E21-32450B821F52}
		{E7827E53-5EEB-4D62-8C91-CA4EDB6B78D6} = {889ED6E6-F56A-493C-9E21-32450B821F52}
		{8CF47AD9-AD79-4377-AA64-C678024D06B1} = {889ED6E6-F56A-493C-9E21-32450B821F52}
		{19B990CB-F320-43CC-8537-A4C788D9A465} = {889ED6E6-F56A-493C-9E21-32450B821F52}
		{D2A37CFB-4B4D-4F6E-8E64-D766C8200903} = {9C2F515D-7F82-4DE6-A937-6AE43F28CD4F}
		{1F9E2B77-CA54-4DE7-A780-6DB0DC624D63} = {5CE81095-E502-4191-8BE9-B6F4BAFB6B23}
		{9C2F515D-7F82-4DE6-A937-6AE43F28CD4F} = {E7827E53-5EEB-4D62-8C91-CA4EDB6B78D6}
		{987C6360-BC9B-4B4F-B31F-CE488A24B757} = {E7827E53-5EEB-4D62-8C91-CA4EDB6B78D6}
		{5CE81095-E502-4191-8BE9-B6F4BAFB6B23} = {8CF47AD9-AD79-4377-AA64-C678024D06B1}
		{E18259C9-62AC-4BE3-B162-A6A269F7957F} = {8CF47AD9-AD79-4377-AA64-C678024D06B1}
		{889ED6E6-F56A-493C-9E21-32450B821F52} = {F93033D3-DA44-4651-8DE1-32E4800A387E}
		{E3612353-0353-4147-B0F8-0574C7EA7CE3} = {F93033D3-DA44-4651-8DE1-32E4800A387E}
	EndGlobalSection
	GlobalSection(ExtensibilityGlobals) = postSolution
		SolutionGuid = {F0B1C1C2-DB33-4ACF-97C4-B4188B8FE940}
	EndGlobalSection
EndGlobal
