
Microsoft Visual Studio Solution File, Format Version 12.00
# Visual Studio Version 16
VisualStudioVersion = 16.0.31129.286
MinimumVisualStudioVersion = 10.0.40219.1
Project("{9A19103F-16F7-4668-BE54-9A1E7A4F7556}") = "AutoAnalyticsServer", "AutoAnalyticsServer\AutoAnalyticsServer.csproj", "{DFE1D025-0D0C-4703-B059-8570FD0E526E}"
EndProject
Project("{9A19103F-16F7-4668-BE54-9A1E7A4F7556}") = "AutoAnalyticsServer.SqlServerEFModel", "AutoAnalyticsServer.EFModel\AutoAnalyticsServer.SqlServerEFModel.csproj", "{603092AD-5EAD-4FC5-86BA-2EBCFAF8AB2F}"
EndProject
Project("{2150E333-8FDC-42A3-9474-1A3956D46DE8}") = "Model", "Model", "{AC239D96-DF8A-40E1-A7DE-8DF1DCC29484}"
EndProject
Project("{9A19103F-16F7-4668-BE54-9A1E7A4F7556}") = "AutoAnalyticsServer.DbModel", "AutoAnalyticsServer.DbModel\AutoAnalyticsServer.DbModel.csproj", "{A97EC215-DC2E-414B-822B-ED51662DD287}"
EndProject
Project("{2150E333-8FDC-42A3-9474-1A3956D46DE8}") = "SqlServerEFModel", "SqlServerEFModel", "{42EEF6EE-E9BE-4F90-810A-1B242CF5DCA3}"
	ProjectSection(SolutionItems) = preProject
		SqlServerEFModel about.txt = SqlServerEFModel about.txt
	EndProjectSection
EndProject
Global
	GlobalSection(SolutionConfigurationPlatforms) = preSolution
		Debug|Any CPU = Debug|Any CPU
		Release|Any CPU = Release|Any CPU
	EndGlobalSection
	GlobalSection(ProjectConfigurationPlatforms) = postSolution
		{DFE1D025-0D0C-4703-B059-8570FD0E526E}.Debug|Any CPU.ActiveCfg = Debug|Any CPU
		{DFE1D025-0D0C-4703-B059-8570FD0E526E}.Debug|Any CPU.Build.0 = Debug|Any CPU
		{DFE1D025-0D0C-4703-B059-8570FD0E526E}.Release|Any CPU.ActiveCfg = Release|Any CPU
		{DFE1D025-0D0C-4703-B059-8570FD0E526E}.Release|Any CPU.Build.0 = Release|Any CPU
		{603092AD-5EAD-4FC5-86BA-2EBCFAF8AB2F}.Debug|Any CPU.ActiveCfg = Debug|Any CPU
		{603092AD-5EAD-4FC5-86BA-2EBCFAF8AB2F}.Debug|Any CPU.Build.0 = Debug|Any CPU
		{603092AD-5EAD-4FC5-86BA-2EBCFAF8AB2F}.Release|Any CPU.ActiveCfg = Release|Any CPU
		{603092AD-5EAD-4FC5-86BA-2EBCFAF8AB2F}.Release|Any CPU.Build.0 = Release|Any CPU
		{A97EC215-DC2E-414B-822B-ED51662DD287}.Debug|Any CPU.ActiveCfg = Debug|Any CPU
		{A97EC215-DC2E-414B-822B-ED51662DD287}.Debug|Any CPU.Build.0 = Debug|Any CPU
		{A97EC215-DC2E-414B-822B-ED51662DD287}.Release|Any CPU.ActiveCfg = Release|Any CPU
		{A97EC215-DC2E-414B-822B-ED51662DD287}.Release|Any CPU.Build.0 = Release|Any CPU
	EndGlobalSection
	GlobalSection(SolutionProperties) = preSolution
		HideSolutionNode = FALSE
	EndGlobalSection
	GlobalSection(NestedProjects) = preSolution
		{603092AD-5EAD-4FC5-86BA-2EBCFAF8AB2F} = {42EEF6EE-E9BE-4F90-810A-1B242CF5DCA3}
		{A97EC215-DC2E-414B-822B-ED51662DD287} = {AC239D96-DF8A-40E1-A7DE-8DF1DCC29484}
		{42EEF6EE-E9BE-4F90-810A-1B242CF5DCA3} = {AC239D96-DF8A-40E1-A7DE-8DF1DCC29484}
	EndGlobalSection
	GlobalSection(ExtensibilityGlobals) = postSolution
		SolutionGuid = {F0B1C1C2-DB33-4ACF-97C4-B4188B8FE940}
	EndGlobalSection
EndGlobal
