
Microsoft Visual Studio Solution File, Format Version 12.00
# Visual Studio Version 16
VisualStudioVersion = 16.0.31129.286
MinimumVisualStudioVersion = 10.0.40219.1
Project("{FAE04EC0-301F-11D3-BF4B-00C04F79EFBC}") = "AutoAnalyticsServer", "AutoAnalyticsServer\AutoAnalyticsServer.csproj", "{DFE1D025-0D0C-4703-B059-8570FD0E526E}"
EndProject
Global
	GlobalSection(SolutionConfigurationPlatforms) = preSolution
		Debug|Any CPU = Debug|Any CPU
		Release|Any CPU = Release|Any CPU
	EndGlobalSection
	GlobalSection(ProjectConfigurationPlatforms) = postSolution
		{DFE1D025-0D0C-4703-B059-8570FD0E526E}.Debug|Any CPU.ActiveCfg = Debug|Any CPU
		{DFE1D025-0D0C-4703-B059-8570FD0E526E}.Debug|Any CPU.Build.0 = Debug|Any CPU
		{DFE1D025-0D0C-4703-B059-8570FD0E526E}.Release|Any CPU.ActiveCfg = Release|Any CPU
		{DFE1D025-0D0C-4703-B059-8570FD0E526E}.Release|Any CPU.Build.0 = Release|Any CPU
	EndGlobalSection
	GlobalSection(SolutionProperties) = preSolution
		HideSolutionNode = FALSE
	EndGlobalSection
	GlobalSection(ExtensibilityGlobals) = postSolution
		SolutionGuid = {F0B1C1C2-DB33-4ACF-97C4-B4188B8FE940}
	EndGlobalSection
EndGlobal
